
Microsoft Visual Studio Solution File, Format Version 12.00
# Visual Studio Version 16
VisualStudioVersion = 16.0.29409.12
MinimumVisualStudioVersion = 10.0.40219.1
Project("{9A19103F-16F7-4668-BE54-9A1E7A4F7556}") = "SubSonic", "SubSonic.csproj", "{1794178F-8544-42EB-8954-D99E90650BF6}"
EndProject
Project("{9A19103F-16F7-4668-BE54-9A1E7A4F7556}") = "SubSonic.Tests", "..\SubSonic.Tests\SubSonic.Tests.csproj", "{A5DFA965-3513-4C9F-A55D-0D982257CD2E}"
EndProject
Project("{9A19103F-16F7-4668-BE54-9A1E7A4F7556}") = "SubSonic.Test.Rigging", "..\SubSonic.Test.Rigging\SubSonic.Test.Rigging.csproj", "{CE231745-A4BD-494D-8BAE-C50B1F54629D}"
EndProject
Project("{2150E333-8FDC-42A3-9474-1A3956D46DE8}") = "Solution Items", "Solution Items", "{42C3BF85-EC35-404A-B25B-D77C8C43D1CD}"
	ProjectSection(SolutionItems) = preProject
		.editorconfig = .editorconfig
	EndProjectSection
EndProject
Global
	GlobalSection(SolutionConfigurationPlatforms) = preSolution
		Debug|Any CPU = Debug|Any CPU
		Debug|x64 = Debug|x64
		Release|Any CPU = Release|Any CPU
		Release|x64 = Release|x64
	EndGlobalSection
	GlobalSection(ProjectConfigurationPlatforms) = postSolution
		{1794178F-8544-42EB-8954-D99E90650BF6}.Debug|Any CPU.ActiveCfg = Debug|Any CPU
		{1794178F-8544-42EB-8954-D99E90650BF6}.Debug|Any CPU.Build.0 = Debug|Any CPU
		{1794178F-8544-42EB-8954-D99E90650BF6}.Debug|x64.ActiveCfg = Debug|x64
		{1794178F-8544-42EB-8954-D99E90650BF6}.Debug|x64.Build.0 = Debug|x64
		{1794178F-8544-42EB-8954-D99E90650BF6}.Release|Any CPU.ActiveCfg = Release|Any CPU
		{1794178F-8544-42EB-8954-D99E90650BF6}.Release|Any CPU.Build.0 = Release|Any CPU
		{1794178F-8544-42EB-8954-D99E90650BF6}.Release|x64.ActiveCfg = Release|x64
		{1794178F-8544-42EB-8954-D99E90650BF6}.Release|x64.Build.0 = Release|x64
		{A5DFA965-3513-4C9F-A55D-0D982257CD2E}.Debug|Any CPU.ActiveCfg = Debug|Any CPU
		{A5DFA965-3513-4C9F-A55D-0D982257CD2E}.Debug|Any CPU.Build.0 = Debug|Any CPU
		{A5DFA965-3513-4C9F-A55D-0D982257CD2E}.Debug|x64.ActiveCfg = Debug|x64
		{A5DFA965-3513-4C9F-A55D-0D982257CD2E}.Debug|x64.Build.0 = Debug|x64
		{A5DFA965-3513-4C9F-A55D-0D982257CD2E}.Release|Any CPU.ActiveCfg = Release|Any CPU
		{A5DFA965-3513-4C9F-A55D-0D982257CD2E}.Release|Any CPU.Build.0 = Release|Any CPU
		{A5DFA965-3513-4C9F-A55D-0D982257CD2E}.Release|x64.ActiveCfg = Release|x64
		{A5DFA965-3513-4C9F-A55D-0D982257CD2E}.Release|x64.Build.0 = Release|x64
		{CE231745-A4BD-494D-8BAE-C50B1F54629D}.Debug|Any CPU.ActiveCfg = Debug|Any CPU
		{CE231745-A4BD-494D-8BAE-C50B1F54629D}.Debug|Any CPU.Build.0 = Debug|Any CPU
		{CE231745-A4BD-494D-8BAE-C50B1F54629D}.Debug|x64.ActiveCfg = Debug|x64
		{CE231745-A4BD-494D-8BAE-C50B1F54629D}.Debug|x64.Build.0 = Debug|x64
		{CE231745-A4BD-494D-8BAE-C50B1F54629D}.Release|Any CPU.ActiveCfg = Release|Any CPU
		{CE231745-A4BD-494D-8BAE-C50B1F54629D}.Release|Any CPU.Build.0 = Release|Any CPU
		{CE231745-A4BD-494D-8BAE-C50B1F54629D}.Release|x64.ActiveCfg = Release|x64
		{CE231745-A4BD-494D-8BAE-C50B1F54629D}.Release|x64.Build.0 = Release|x64
	EndGlobalSection
	GlobalSection(SolutionProperties) = preSolution
		HideSolutionNode = FALSE
	EndGlobalSection
	GlobalSection(ExtensibilityGlobals) = postSolution
		SolutionGuid = {96C5E59C-FF9C-448C-A55C-3DE2997E0768}
	EndGlobalSection
EndGlobal
